
Microsoft Visual Studio Solution File, Format Version 12.00
# Visual Studio Version 17
VisualStudioVersion = 17.8.34511.84
MinimumVisualStudioVersion = 10.0.40219.1
Project("{9A19103F-16F7-4668-BE54-9A1E7A4F7556}") = "SimpleChain", "SimpleChain\SimpleChain.csproj", "{E55CB784-72A4-49C4-8E49-25E3BF274D09}"
EndProject
Global
	GlobalSection(SolutionConfigurationPlatforms) = preSolution
		Debug|Any CPU = Debug|Any CPU
		Release|Any CPU = Release|Any CPU
	EndGlobalSection
	GlobalSection(ProjectConfigurationPlatforms) = postSolution
		{E55CB784-72A4-49C4-8E49-25E3BF274D09}.Debug|Any CPU.ActiveCfg = Debug|Any CPU
		{E55CB784-72A4-49C4-8E49-25E3BF274D09}.Debug|Any CPU.Build.0 = Debug|Any CPU
		{E55CB784-72A4-49C4-8E49-25E3BF274D09}.Release|Any CPU.ActiveCfg = Release|Any CPU
		{E55CB784-72A4-49C4-8E49-25E3BF274D09}.Release|Any CPU.Build.0 = Release|Any CPU
	EndGlobalSection
	GlobalSection(SolutionProperties) = preSolution
		HideSolutionNode = FALSE
	EndGlobalSection
	GlobalSection(ExtensibilityGlobals) = postSolution
		SolutionGuid = {772040C6-6012-4D31-99A8-B3B48F30194D}
	EndGlobalSection
EndGlobal
